
Microsoft Visual Studio Solution File, Format Version 12.00
# Visual Studio 15
VisualStudioVersion = 15.0.26730.16
MinimumVisualStudioVersion = 10.0.40219.1
Project("{FAE04EC0-301F-11D3-BF4B-00C04F79EFBC}") = "Cipher", "Cipher\Cipher.csproj", "{E3B2BA08-C4C6-4B8D-8789-DDDAB7A7BE3D}"
EndProject
Global
	GlobalSection(SolutionConfigurationPlatforms) = preSolution
		Debug|Any CPU = Debug|Any CPU
		Release|Any CPU = Release|Any CPU
	EndGlobalSection
	GlobalSection(ProjectConfigurationPlatforms) = postSolution
		{E3B2BA08-C4C6-4B8D-8789-DDDAB7A7BE3D}.Debug|Any CPU.ActiveCfg = Debug|Any CPU
		{E3B2BA08-C4C6-4B8D-8789-DDDAB7A7BE3D}.Debug|Any CPU.Build.0 = Debug|Any CPU
		{E3B2BA08-C4C6-4B8D-8789-DDDAB7A7BE3D}.Release|Any CPU.ActiveCfg = Release|Any CPU
		{E3B2BA08-C4C6-4B8D-8789-DDDAB7A7BE3D}.Release|Any CPU.Build.0 = Release|Any CPU
	EndGlobalSection
	GlobalSection(SolutionProperties) = preSolution
		HideSolutionNode = FALSE
	EndGlobalSection
	GlobalSection(ExtensibilityGlobals) = postSolution
		SolutionGuid = {41F0AEAF-CB68-4212-9604-9B5978478576}
	EndGlobalSection
EndGlobal
