
Microsoft Visual Studio Solution File, Format Version 12.00
# Visual Studio 15
VisualStudioVersion = 15.0.26430.16
MinimumVisualStudioVersion = 10.0.40219.1
Project("{FAE04EC0-301F-11D3-BF4B-00C04F79EFBC}") = "Quadratic", "Quadratic\Quadratic.csproj", "{4368C677-056D-4A24-8878-B9002C8D9C00}"
EndProject
Project("{FAE04EC0-301F-11D3-BF4B-00C04F79EFBC}") = "Circle", "Circle\Circle.csproj", "{75391B8B-C516-4187-BBC8-233798DCC002}"
EndProject
Project("{FAE04EC0-301F-11D3-BF4B-00C04F79EFBC}") = "Triangle", "Triangle\Triangle.csproj", "{5E1F0F2A-8D20-4538-A4A2-F561CFA527A9}"
EndProject
Global
	GlobalSection(SolutionConfigurationPlatforms) = preSolution
		Debug|Any CPU = Debug|Any CPU
		Release|Any CPU = Release|Any CPU
	EndGlobalSection
	GlobalSection(ProjectConfigurationPlatforms) = postSolution
		{4368C677-056D-4A24-8878-B9002C8D9C00}.Debug|Any CPU.ActiveCfg = Debug|Any CPU
		{4368C677-056D-4A24-8878-B9002C8D9C00}.Debug|Any CPU.Build.0 = Debug|Any CPU
		{4368C677-056D-4A24-8878-B9002C8D9C00}.Release|Any CPU.ActiveCfg = Release|Any CPU
		{4368C677-056D-4A24-8878-B9002C8D9C00}.Release|Any CPU.Build.0 = Release|Any CPU
		{75391B8B-C516-4187-BBC8-233798DCC002}.Debug|Any CPU.ActiveCfg = Debug|Any CPU
		{75391B8B-C516-4187-BBC8-233798DCC002}.Debug|Any CPU.Build.0 = Debug|Any CPU
		{75391B8B-C516-4187-BBC8-233798DCC002}.Release|Any CPU.ActiveCfg = Release|Any CPU
		{75391B8B-C516-4187-BBC8-233798DCC002}.Release|Any CPU.Build.0 = Release|Any CPU
		{5E1F0F2A-8D20-4538-A4A2-F561CFA527A9}.Debug|Any CPU.ActiveCfg = Debug|Any CPU
		{5E1F0F2A-8D20-4538-A4A2-F561CFA527A9}.Debug|Any CPU.Build.0 = Debug|Any CPU
		{5E1F0F2A-8D20-4538-A4A2-F561CFA527A9}.Release|Any CPU.ActiveCfg = Release|Any CPU
		{5E1F0F2A-8D20-4538-A4A2-F561CFA527A9}.Release|Any CPU.Build.0 = Release|Any CPU
	EndGlobalSection
	GlobalSection(SolutionProperties) = preSolution
		HideSolutionNode = FALSE
	EndGlobalSection
EndGlobal
