
Microsoft Visual Studio Solution File, Format Version 12.00
# Visual Studio 15
VisualStudioVersion = 15.0.26730.16
MinimumVisualStudioVersion = 10.0.40219.1
Project("{FAE04EC0-301F-11D3-BF4B-00C04F79EFBC}") = "Login", "Login\Login.csproj", "{0B0EB257-5CA0-47F1-AA63-7E89BAA6501A}"
EndProject
Global
	GlobalSection(SolutionConfigurationPlatforms) = preSolution
		Debug|Any CPU = Debug|Any CPU
		Release|Any CPU = Release|Any CPU
	EndGlobalSection
	GlobalSection(ProjectConfigurationPlatforms) = postSolution
		{0B0EB257-5CA0-47F1-AA63-7E89BAA6501A}.Debug|Any CPU.ActiveCfg = Debug|Any CPU
		{0B0EB257-5CA0-47F1-AA63-7E89BAA6501A}.Debug|Any CPU.Build.0 = Debug|Any CPU
		{0B0EB257-5CA0-47F1-AA63-7E89BAA6501A}.Release|Any CPU.ActiveCfg = Release|Any CPU
		{0B0EB257-5CA0-47F1-AA63-7E89BAA6501A}.Release|Any CPU.Build.0 = Release|Any CPU
	EndGlobalSection
	GlobalSection(SolutionProperties) = preSolution
		HideSolutionNode = FALSE
	EndGlobalSection
	GlobalSection(ExtensibilityGlobals) = postSolution
		SolutionGuid = {5A81665A-1D71-4657-8387-67A12A754B81}
	EndGlobalSection
EndGlobal
